{
  "name": "cardano-staking-smart-contract",
  "lockfileVersion": 2,
  "requires": true,
  "packages": {
    "": {
      "dependencies": {
        "bs-aeson": "^4.6.0"
      }
    },
    "node_modules/bs-aeson": {
      "version": "4.6.0",
      "resolved": "https://registry.npmjs.org/bs-aeson/-/bs-aeson-4.6.0.tgz",
      "integrity": "sha512-JcP9L6ZeUfhvbNgwUTfPh66lsE0BmBCGzYrPRL4pT5OCrYWyI9oweHwvh08Q6jU0Y/W4oU0GxpVI0ULR+wi1cQ==",
      "dependencies": {
        "bs-zarith": "^3.1.0"
      }
    },
    "node_modules/bs-zarith": {
      "version": "3.1.0",
      "resolved": "https://registry.npmjs.org/bs-zarith/-/bs-zarith-3.1.0.tgz",
      "integrity": "sha512-RlOAC40DMBy/5i6nh1RP5URqQAoisKlzVf4JzcCHvIuwT1/DLc/60DcnFNU1lftgtdCBGuqyb6WyzJ+ycNDB8w=="
    }
  },
  "dependencies": {
    "bs-aeson": {
      "version": "4.6.0",
      "resolved": "https://registry.npmjs.org/bs-aeson/-/bs-aeson-4.6.0.tgz",
      "integrity": "sha512-JcP9L6ZeUfhvbNgwUTfPh66lsE0BmBCGzYrPRL4pT5OCrYWyI9oweHwvh08Q6jU0Y/W4oU0GxpVI0ULR+wi1cQ==",
      "requires": {
        "bs-zarith": "^3.1.0"
      }
    },
    "bs-zarith": {
      "version": "3.1.0",
      "resolved": "https://registry.npmjs.org/bs-zarith/-/bs-zarith-3.1.0.tgz",
      "integrity": "sha512-RlOAC40DMBy/5i6nh1RP5URqQAoisKlzVf4JzcCHvIuwT1/DLc/60DcnFNU1lftgtdCBGuqyb6WyzJ+ycNDB8w=="
    }
  }
}
